
Microsoft Visual Studio Solution File, Format Version 12.00
# Visual Studio 2013
VisualStudioVersion = 12.0.31101.0
MinimumVisualStudioVersion = 10.0.40219.1
Project("{FAE04EC0-301F-11D3-BF4B-00C04F79EFBC}") = "MyFirstBatchApplication", "MyFirstBatchApplication\MyFirstBatchApplication.csproj", "{8F4EE860-63CD-430E-B028-7424B521A2EE}"
EndProject
Global
	GlobalSection(SolutionConfigurationPlatforms) = preSolution
		Debug|Any CPU = Debug|Any CPU
		Release|Any CPU = Release|Any CPU
	EndGlobalSection
	GlobalSection(ProjectConfigurationPlatforms) = postSolution
		{8F4EE860-63CD-430E-B028-7424B521A2EE}.Debug|Any CPU.ActiveCfg = Debug|Any CPU
		{8F4EE860-63CD-430E-B028-7424B521A2EE}.Debug|Any CPU.Build.0 = Debug|Any CPU
		{8F4EE860-63CD-430E-B028-7424B521A2EE}.Release|Any CPU.ActiveCfg = Release|Any CPU
		{8F4EE860-63CD-430E-B028-7424B521A2EE}.Release|Any CPU.Build.0 = Release|Any CPU
	EndGlobalSection
	GlobalSection(SolutionProperties) = preSolution
		HideSolutionNode = FALSE
	EndGlobalSection
EndGlobal
