
Microsoft Visual Studio Solution File, Format Version 12.00
# Visual Studio Version 16
VisualStudioVersion = 16.0.30804.86
MinimumVisualStudioVersion = 10.0.40219.1
Project("{9A19103F-16F7-4668-BE54-9A1E7A4F7556}") = "BA_DB_WRITER_Launcher", "BA_DB_WRITER_Launcher\BA_DB_WRITER_Launcher.csproj", "{847384B5-4F1F-4D22-8211-0B1598F3B4A6}"
EndProject
Project("{FAE04EC0-301F-11D3-BF4B-00C04F79EFBC}") = "BA_DB_WRTIER-batch", "BA_DB_WRTIER-batch\BA_DB_WRTIER-batch.csproj", "{61D21593-F264-4BFF-8712-A0FE6BA694F4}"
EndProject
Global
	GlobalSection(SolutionConfigurationPlatforms) = preSolution
		Debug|Any CPU = Debug|Any CPU
		Release|Any CPU = Release|Any CPU
	EndGlobalSection
	GlobalSection(ProjectConfigurationPlatforms) = postSolution
		{847384B5-4F1F-4D22-8211-0B1598F3B4A6}.Debug|Any CPU.ActiveCfg = Debug|Any CPU
		{847384B5-4F1F-4D22-8211-0B1598F3B4A6}.Debug|Any CPU.Build.0 = Debug|Any CPU
		{847384B5-4F1F-4D22-8211-0B1598F3B4A6}.Release|Any CPU.ActiveCfg = Release|Any CPU
		{847384B5-4F1F-4D22-8211-0B1598F3B4A6}.Release|Any CPU.Build.0 = Release|Any CPU
		{61D21593-F264-4BFF-8712-A0FE6BA694F4}.Debug|Any CPU.ActiveCfg = Debug|Any CPU
		{61D21593-F264-4BFF-8712-A0FE6BA694F4}.Debug|Any CPU.Build.0 = Debug|Any CPU
		{61D21593-F264-4BFF-8712-A0FE6BA694F4}.Release|Any CPU.ActiveCfg = Release|Any CPU
		{61D21593-F264-4BFF-8712-A0FE6BA694F4}.Release|Any CPU.Build.0 = Release|Any CPU
	EndGlobalSection
	GlobalSection(SolutionProperties) = preSolution
		HideSolutionNode = FALSE
	EndGlobalSection
	GlobalSection(ExtensibilityGlobals) = postSolution
		SolutionGuid = {AF15CDF3-E014-466B-8A0D-A723DAB20BA0}
	EndGlobalSection
EndGlobal
