
Microsoft Visual Studio Solution File, Format Version 12.00
# Visual Studio Version 16
VisualStudioVersion = 16.0.30128.74
MinimumVisualStudioVersion = 10.0.40219.1
Project("{FAE04EC0-301F-11D3-BF4B-00C04F79EFBC}") = "MyFirstBatchApplicationCore", "MyFirstBatchApplicationCore\MyFirstBatchApplicationCore.csproj", "{602B3043-F285-4412-823E-14C941F5BE80}"
EndProject
Global
	GlobalSection(SolutionConfigurationPlatforms) = preSolution
		Debug|Any CPU = Debug|Any CPU
		Release|Any CPU = Release|Any CPU
	EndGlobalSection
	GlobalSection(ProjectConfigurationPlatforms) = postSolution
		{602B3043-F285-4412-823E-14C941F5BE80}.Debug|Any CPU.ActiveCfg = Debug|Any CPU
		{602B3043-F285-4412-823E-14C941F5BE80}.Debug|Any CPU.Build.0 = Debug|Any CPU
		{602B3043-F285-4412-823E-14C941F5BE80}.Release|Any CPU.ActiveCfg = Release|Any CPU
		{602B3043-F285-4412-823E-14C941F5BE80}.Release|Any CPU.Build.0 = Release|Any CPU
	EndGlobalSection
	GlobalSection(SolutionProperties) = preSolution
		HideSolutionNode = FALSE
	EndGlobalSection
	GlobalSection(ExtensibilityGlobals) = postSolution
		SolutionGuid = {DB6512A9-C0A8-43D4-9ABB-B4FCB3B518FE}
	EndGlobalSection
EndGlobal
